
Microsoft Visual Studio Solution File, Format Version 12.00
# Visual Studio Version 16
VisualStudioVersion = 16.0.29609.76
MinimumVisualStudioVersion = 10.0.40219.1
Project("{FAE04EC0-301F-11D3-BF4B-00C04F79EFBC}") = "Solutions", "Solutions\Solutions.csproj", "{86FF95F8-6DB3-4DC9-B1C6-1C4CD20149C7}"
EndProject
Project("{FAE04EC0-301F-11D3-BF4B-00C04F79EFBC}") = "Tests", "Tests\Tests.csproj", "{5E63C743-CED9-4848-BB3B-1C54ED9CCAE2}"
EndProject
Global
	GlobalSection(SolutionConfigurationPlatforms) = preSolution
		Debug|Any CPU = Debug|Any CPU
		Release|Any CPU = Release|Any CPU
	EndGlobalSection
	GlobalSection(ProjectConfigurationPlatforms) = postSolution
		{86FF95F8-6DB3-4DC9-B1C6-1C4CD20149C7}.Debug|Any CPU.ActiveCfg = Debug|Any CPU
		{86FF95F8-6DB3-4DC9-B1C6-1C4CD20149C7}.Debug|Any CPU.Build.0 = Debug|Any CPU
		{86FF95F8-6DB3-4DC9-B1C6-1C4CD20149C7}.Release|Any CPU.ActiveCfg = Release|Any CPU
		{86FF95F8-6DB3-4DC9-B1C6-1C4CD20149C7}.Release|Any CPU.Build.0 = Release|Any CPU
		{5E63C743-CED9-4848-BB3B-1C54ED9CCAE2}.Debug|Any CPU.ActiveCfg = Debug|Any CPU
		{5E63C743-CED9-4848-BB3B-1C54ED9CCAE2}.Debug|Any CPU.Build.0 = Debug|Any CPU
		{5E63C743-CED9-4848-BB3B-1C54ED9CCAE2}.Release|Any CPU.ActiveCfg = Release|Any CPU
		{5E63C743-CED9-4848-BB3B-1C54ED9CCAE2}.Release|Any CPU.Build.0 = Release|Any CPU
	EndGlobalSection
	GlobalSection(SolutionProperties) = preSolution
		HideSolutionNode = FALSE
	EndGlobalSection
	GlobalSection(ExtensibilityGlobals) = postSolution
		SolutionGuid = {1D738F05-0DAC-4F2E-81DC-E85EDEB5543B}
	EndGlobalSection
EndGlobal
